// !$*UTF8*$!
{
	archiveVersion = 1;
	classes = {
	};
	objectVersion = 48;
	objects = {

/* Begin PBXBuildFile section */
		3E4A27E9202F83EF00DB21ED /* AppDelegate.swift in Sources */ = {isa = PBXBuildFile; fileRef = 3E4A27E8202F83EF00DB21ED /* AppDelegate.swift */; };
		3E4A27EB202F83EF00DB21ED /* ViewController.swift in Sources */ = {isa = PBXBuildFile; fileRef = 3E4A27EA202F83EF00DB21ED /* ViewController.swift */; };
		3E4A27EE202F83EF00DB21ED /* Main.storyboard in Resources */ = {isa = PBXBuildFile; fileRef = 3E4A27EC202F83EF00DB21ED /* Main.storyboard */; };
		3E4A27F1202F83EF00DB21ED /* Fantasy_App.xcdatamodeld in Sources */ = {isa = PBXBuildFile; fileRef = 3E4A27EF202F83EF00DB21ED /* Fantasy_App.xcdatamodeld */; };
		3E4A27F3202F83EF00DB21ED /* Assets.xcassets in Resources */ = {isa = PBXBuildFile; fileRef = 3E4A27F2202F83EF00DB21ED /* Assets.xcassets */; };
		3E4A27F6202F83EF00DB21ED /* LaunchScreen.storyboard in Resources */ = {isa = PBXBuildFile; fileRef = 3E4A27F4202F83EF00DB21ED /* LaunchScreen.storyboard */; };
		FBF091222BCAFB11F964AE66 /* Pods_Fantasy_App.framework in Frameworks */ = {isa = PBXBuildFile; fileRef = 6CA65E7F64A8034BFF94CE50 /* Pods_Fantasy_App.framework */; };
/* End PBXBuildFile section */

/* Begin PBXFileReference section */
		3E4A27E5202F83EF00DB21ED /* Fantasy-App.app */ = {isa = PBXFileReference; explicitFileType = wrapper.application; includeInIndex = 0; path = "Fantasy-App.app"; sourceTree = BUILT_PRODUCTS_DIR; };
		3E4A27E8202F83EF00DB21ED /* AppDelegate.swift */ = {isa = PBXFileReference; lastKnownFileType = sourcecode.swift; path = AppDelegate.swift; sourceTree = "<group>"; };
		3E4A27EA202F83EF00DB21ED /* ViewController.swift */ = {isa = PBXFileReference; lastKnownFileType = sourcecode.swift; path = ViewController.swift; sourceTree = "<group>"; };
		3E4A27ED202F83EF00DB21ED /* Base */ = {isa = PBXFileReference; lastKnownFileType = file.storyboard; name = Base; path = Base.lproj/Main.storyboard; sourceTree = "<group>"; };
		3E4A27F0202F83EF00DB21ED /* Fantasy_App.xcdatamodel */ = {isa = PBXFileReference; lastKnownFileType = wrapper.xcdatamodel; path = Fantasy_App.xcdatamodel; sourceTree = "<group>"; };
		3E4A27F2202F83EF00DB21ED /* Assets.xcassets */ = {isa = PBXFileReference; lastKnownFileType = folder.assetcatalog; path = Assets.xcassets; sourceTree = "<group>"; };
		3E4A27F5202F83EF00DB21ED /* Base */ = {isa = PBXFileReference; lastKnownFileType = file.storyboard; name = Base; path = Base.lproj/LaunchScreen.storyboard; sourceTree = "<group>"; };
		3E4A27F7202F83EF00DB21ED /* Info.plist */ = {isa = PBXFileReference; lastKnownFileType = text.plist.xml; path = Info.plist; sourceTree = "<group>"; };
		41F20231C1B7D7823F2E0596 /* Pods-Fantasy-App.release.xcconfig */ = {isa = PBXFileReference; includeInIndex = 1; lastKnownFileType = text.xcconfig; name = "Pods-Fantasy-App.release.xcconfig"; path = "Pods/Target Support Files/Pods-Fantasy-App/Pods-Fantasy-App.release.xcconfig"; sourceTree = "<group>"; };
		6CA65E7F64A8034BFF94CE50 /* Pods_Fantasy_App.framework */ = {isa = PBXFileReference; explicitFileType = wrapper.framework; includeInIndex = 0; path = Pods_Fantasy_App.framework; sourceTree = BUILT_PRODUCTS_DIR; };
		E8B456EFCA178387A0D6978D /* Pods-Fantasy-App.debug.xcconfig */ = {isa = PBXFileReference; includeInIndex = 1; lastKnownFileType = text.xcconfig; name = "Pods-Fantasy-App.debug.xcconfig"; path = "Pods/Target Support Files/Pods-Fantasy-App/Pods-Fantasy-App.debug.xcconfig"; sourceTree = "<group>"; };
/* End PBXFileReference section */

/* Begin PBXFrameworksBuildPhase section */
		3E4A27E2202F83EF00DB21ED /* Frameworks */ = {
			isa = PBXFrameworksBuildPhase;
			buildActionMask = 2147483647;
			files = (
				FBF091222BCAFB11F964AE66 /* Pods_Fantasy_App.framework in Frameworks */,
			);
			runOnlyForDeploymentPostprocessing = 0;
		};
/* End PBXFrameworksBuildPhase section */

/* Begin PBXGroup section */
		3E4A27DC202F83EF00DB21ED = {
			isa = PBXGroup;
			children = (
				3E4A27E7202F83EF00DB21ED /* Fantasy-App */,
				3E4A27E6202F83EF00DB21ED /* Products */,
				B81B819730E92A9A0FA46B9E /* Pods */,
				F51DA9A943F193BFE4CBA12D /* Frameworks */,
			);
			sourceTree = "<group>";
		};
		3E4A27E6202F83EF00DB21ED /* Products */ = {
			isa = PBXGroup;
			children = (
				3E4A27E5202F83EF00DB21ED /* Fantasy-App.app */,
			);
			name = Products;
			sourceTree = "<group>";
		};
		3E4A27E7202F83EF00DB21ED /* Fantasy-App */ = {
			isa = PBXGroup;
			children = (
				3E4A27E8202F83EF00DB21ED /* AppDelegate.swift */,
				3E4A27EA202F83EF00DB21ED /* ViewController.swift */,
				3E4A27EC202F83EF00DB21ED /* Main.storyboard */,
				3E4A27F2202F83EF00DB21ED /* Assets.xcassets */,
				3E4A27F4202F83EF00DB21ED /* LaunchScreen.storyboard */,
				3E4A27F7202F83EF00DB21ED /* Info.plist */,
				3E4A27EF202F83EF00DB21ED /* Fantasy_App.xcdatamodeld */,
			);
			path = "Fantasy-App";
			sourceTree = "<group>";
		};
		B81B819730E92A9A0FA46B9E /* Pods */ = {
			isa = PBXGroup;
			children = (
				E8B456EFCA178387A0D6978D /* Pods-Fantasy-App.debug.xcconfig */,
				41F20231C1B7D7823F2E0596 /* Pods-Fantasy-App.release.xcconfig */,
			);
			name = Pods;
			sourceTree = "<group>";
		};
		F51DA9A943F193BFE4CBA12D /* Frameworks */ = {
			isa = PBXGroup;
			children = (
				6CA65E7F64A8034BFF94CE50 /* Pods_Fantasy_App.framework */,
			);
			name = Frameworks;
			sourceTree = "<group>";
		};
/* End PBXGroup section */

/* Begin PBXNativeTarget section */
		3E4A27E4202F83EF00DB21ED /* Fantasy-App */ = {
			isa = PBXNativeTarget;
			buildConfigurationList = 3E4A27FA202F83EF00DB21ED /* Build configuration list for PBXNativeTarget "Fantasy-App" */;
			buildPhases = (
				C4F340C732BA970D5D2D68CB /* [CP] Check Pods Manifest.lock */,
				3E4A27E1202F83EF00DB21ED /* Sources */,
				3E4A27E2202F83EF00DB21ED /* Frameworks */,
				3E4A27E3202F83EF00DB21ED /* Resources */,
				2CEC5B93AEB8A9D87299C8A1 /* [CP] Embed Pods Frameworks */,
				2AABE624767E7BBF074D0BC2 /* [CP] Copy Pods Resources */,
			);
			buildRules = (
			);
			dependencies = (
			);
			name = "Fantasy-App";
			productName = "Fantasy-App";
			productReference = 3E4A27E5202F83EF00DB21ED /* Fantasy-App.app */;
			productType = "com.apple.product-type.application";
		};
/* End PBXNativeTarget section */

/* Begin PBXProject section */
		3E4A27DD202F83EF00DB21ED /* Project object */ = {
			isa = PBXProject;
			attributes = {
				LastSwiftUpdateCheck = 0920;
				LastUpgradeCheck = 0920;
				ORGANIZATIONNAME = "Mitchell Emery";
				TargetAttributes = {
					3E4A27E4202F83EF00DB21ED = {
						CreatedOnToolsVersion = 9.2;
						ProvisioningStyle = Automatic;
					};
				};
			};
			buildConfigurationList = 3E4A27E0202F83EF00DB21ED /* Build configuration list for PBXProject "Fantasy-App" */;
			compatibilityVersion = "Xcode 8.0";
			developmentRegion = en;
			hasScannedForEncodings = 0;
			knownRegions = (
				en,
				Base,
			);
			mainGroup = 3E4A27DC202F83EF00DB21ED;
			productRefGroup = 3E4A27E6202F83EF00DB21ED /* Products */;
			projectDirPath = "";
			projectRoot = "";
			targets = (
				3E4A27E4202F83EF00DB21ED /* Fantasy-App */,
			);
		};
/* End PBXProject section */

/* Begin PBXResourcesBuildPhase section */
		3E4A27E3202F83EF00DB21ED /* Resources */ = {
			isa = PBXResourcesBuildPhase;
			buildActionMask = 2147483647;
			files = (
				3E4A27F6202F83EF00DB21ED /* LaunchScreen.storyboard in Resources */,
				3E4A27F3202F83EF00DB21ED /* Assets.xcassets in Resources */,
				3E4A27EE202F83EF00DB21ED /* Main.storyboard in Resources */,
			);
			runOnlyForDeploymentPostprocessing = 0;
		};
/* End PBXResourcesBuildPhase section */

/* Begin PBXShellScriptBuildPhase section */
		2AABE624767E7BBF074D0BC2 /* [CP] Copy Pods Resources */ = {
			isa = PBXShellScriptBuildPhase;
			buildActionMask = 2147483647;
			files = (
			);
			inputPaths = (
			);
			name = "[CP] Copy Pods Resources";
			outputPaths = (
			);
			runOnlyForDeploymentPostprocessing = 0;
			shellPath = /bin/sh;
			shellScript = "\"${SRCROOT}/Pods/Target Support Files/Pods-Fantasy-App/Pods-Fantasy-App-resources.sh\"\n";
			showEnvVarsInLog = 0;
		};
		2CEC5B93AEB8A9D87299C8A1 /* [CP] Embed Pods Frameworks */ = {
			isa = PBXShellScriptBuildPhase;
			buildActionMask = 2147483647;
			files = (
			);
			inputPaths = (
				"${SRCROOT}/Pods/Target Support Files/Pods-Fantasy-App/Pods-Fantasy-App-frameworks.sh",
				"${BUILT_PRODUCTS_DIR}/Fuzi/Fuzi.framework",
			);
			name = "[CP] Embed Pods Frameworks";
			outputPaths = (
				"${TARGET_BUILD_DIR}/${FRAMEWORKS_FOLDER_PATH}/Fuzi.framework",
			);
			runOnlyForDeploymentPostprocessing = 0;
			shellPath = /bin/sh;
			shellScript = "\"${SRCROOT}/Pods/Target Support Files/Pods-Fantasy-App/Pods-Fantasy-App-frameworks.sh\"\n";
			showEnvVarsInLog = 0;
		};
		C4F340C732BA970D5D2D68CB /* [CP] Check Pods Manifest.lock */ = {
			isa = PBXShellScriptBuildPhase;
			buildActionMask = 2147483647;
			files = (
			);
			inputPaths = (
				"${PODS_PODFILE_DIR_PATH}/Podfile.lock",
				"${PODS_ROOT}/Manifest.lock",
			);
			name = "[CP] Check Pods Manifest.lock";
			outputPaths = (
				"$(DERIVED_FILE_DIR)/Pods-Fantasy-App-checkManifestLockResult.txt",
			);
			runOnlyForDeploymentPostprocessing = 0;
			shellPath = /bin/sh;
			shellScript = "diff \"${PODS_PODFILE_DIR_PATH}/Podfile.lock\" \"${PODS_ROOT}/Manifest.lock\" > /dev/null\nif [ $? != 0 ] ; then\n    # print error to STDERR\n    echo \"error: The sandbox is not in sync with the Podfile.lock. Run 'pod install' or update your CocoaPods installation.\" >&2\n    exit 1\nfi\n# This output is used by Xcode 'outputs' to avoid re-running this script phase.\necho \"SUCCESS\" > \"${SCRIPT_OUTPUT_FILE_0}\"\n";
			showEnvVarsInLog = 0;
		};
/* End PBXShellScriptBuildPhase section */

/* Begin PBXSourcesBuildPhase section */
		3E4A27E1202F83EF00DB21ED /* Sources */ = {
			isa = PBXSourcesBuildPhase;
			buildActionMask = 2147483647;
			files = (
				3E4A27F1202F83EF00DB21ED /* Fantasy_App.xcdatamodeld in Sources */,
				3E4A27EB202F83EF00DB21ED /* ViewController.swift in Sources */,
				3E4A27E9202F83EF00DB21ED /* AppDelegate.swift in Sources */,
			);
			runOnlyForDeploymentPostprocessing = 0;
		};
/* End PBXSourcesBuildPhase section */

/* Begin PBXVariantGroup section */
		3E4A27EC202F83EF00DB21ED /* Main.storyboard */ = {
			isa = PBXVariantGroup;
			children = (
				3E4A27ED202F83EF00DB21ED /* Base */,
			);
			name = Main.storyboard;
			sourceTree = "<group>";
		};
		3E4A27F4202F83EF00DB21ED /* LaunchScreen.storyboard */ = {
			isa = PBXVariantGroup;
			children = (
				3E4A27F5202F83EF00DB21ED /* Base */,
			);
			name = LaunchScreen.storyboard;
			sourceTree = "<group>";
		};
/* End PBXVariantGroup section */

/* Begin XCBuildConfiguration section */
		3E4A27F8202F83EF00DB21ED /* Debug */ = {
			isa = XCBuildConfiguration;
			buildSettings = {
				ALWAYS_SEARCH_USER_PATHS = NO;
				CLANG_ANALYZER_NONNULL = YES;
				CLANG_ANALYZER_NUMBER_OBJECT_CONVERSION = YES_AGGRESSIVE;
				CLANG_CXX_LANGUAGE_STANDARD = "gnu++14";
				CLANG_CXX_LIBRARY = "libc++";
				CLANG_ENABLE_MODULES = YES;
				CLANG_ENABLE_OBJC_ARC = YES;
				CLANG_WARN_BLOCK_CAPTURE_AUTORELEASING = YES;
				CLANG_WARN_BOOL_CONVERSION = YES;
				CLANG_WARN_COMMA = YES;
				CLANG_WARN_CONSTANT_CONVERSION = YES;
				CLANG_WARN_DIRECT_OBJC_ISA_USAGE = YES_ERROR;
				CLANG_WARN_DOCUMENTATION_COMMENTS = YES;
				CLANG_WARN_EMPTY_BODY = YES;
				CLANG_WARN_ENUM_CONVERSION = YES;
				CLANG_WARN_INFINITE_RECURSION = YES;
				CLANG_WARN_INT_CONVERSION = YES;
				CLANG_WARN_NON_LITERAL_NULL_CONVERSION = YES;
				CLANG_WARN_OBJC_LITERAL_CONVERSION = YES;
				CLANG_WARN_OBJC_ROOT_CLASS = YES_ERROR;
				CLANG_WARN_RANGE_LOOP_ANALYSIS = YES;
				CLANG_WARN_STRICT_PROTOTYPES = YES;
				CLANG_WARN_SUSPICIOUS_MOVE = YES;
				CLANG_WARN_UNGUARDED_AVAILABILITY = YES_AGGRESSIVE;
				CLANG_WARN_UNREACHABLE_CODE = YES;
				CLANG_WARN__DUPLICATE_METHOD_MATCH = YES;
				CODE_SIGN_IDENTITY = "iPhone Developer";
				COPY_PHASE_STRIP = NO;
				DEBUG_INFORMATION_FORMAT = dwarf;
				ENABLE_STRICT_OBJC_MSGSEND = YES;
				ENABLE_TESTABILITY = YES;
				GCC_C_LANGUAGE_STANDARD = gnu11;
				GCC_DYNAMIC_NO_PIC = NO;
				GCC_NO_COMMON_BLOCKS = YES;
				GCC_OPTIMIZATION_LEVEL = 0;
				GCC_PREPROCESSOR_DEFINITIONS = (
					"DEBUG=1",
					"$(inherited)",
				);
				GCC_WARN_64_TO_32_BIT_CONVERSION = YES;
				GCC_WARN_ABOUT_RETURN_TYPE = YES_ERROR;
				GCC_WARN_UNDECLARED_SELECTOR = YES;
				GCC_WARN_UNINITIALIZED_AUTOS = YES_AGGRESSIVE;
				GCC_WARN_UNUSED_FUNCTION = YES;
				GCC_WARN_UNUSED_VARIABLE = YES;
				IPHONEOS_DEPLOYMENT_TARGET = 11.2;
				MTL_ENABLE_DEBUG_INFO = YES;
				ONLY_ACTIVE_ARCH = YES;
				SDKROOT = iphoneos;
				SWIFT_ACTIVE_COMPILATION_CONDITIONS = DEBUG;
				SWIFT_OPTIMIZATION_LEVEL = "-Onone";
			};
			name = Debug;
		};
		3E4A27F9202F83EF00DB21ED /* Release */ = {
			isa = XCBuildConfiguration;
			buildSettings = {
				ALWAYS_SEARCH_USER_PATHS = NO;
				CLANG_ANALYZER_NONNULL = YES;
				CLANG_ANALYZER_NUMBER_OBJECT_CONVERSION = YES_AGGRESSIVE;
				CLANG_CXX_LANGUAGE_STANDARD = "gnu++14";
				CLANG_CXX_LIBRARY = "libc++";
				CLANG_ENABLE_MODULES = YES;
				CLANG_ENABLE_OBJC_ARC = YES;
				CLANG_WARN_BLOCK_CAPTURE_AUTORELEASING = YES;
				CLANG_WARN_BOOL_CONVERSION = YES;
				CLANG_WARN_COMMA = YES;
				CLANG_WARN_CONSTANT_CONVERSION = YES;
				CLANG_WARN_DIRECT_OBJC_ISA_USAGE = YES_ERROR;
				CLANG_WARN_DOCUMENTATION_COMMENTS = YES;
				CLANG_WARN_EMPTY_BODY = YES;
				CLANG_WARN_ENUM_CONVERSION = YES;
				CLANG_WARN_INFINITE_RECURSION = YES;
				CLANG_WARN_INT_CONVERSION = YES;
				CLANG_WARN_NON_LITERAL_NULL_CONVERSION = YES;
				CLANG_WARN_OBJC_LITERAL_CONVERSION = YES;
				CLANG_WARN_OBJC_ROOT_CLASS = YES_ERROR;
				CLANG_WARN_RANGE_LOOP_ANALYSIS = YES;
				CLANG_WARN_STRICT_PROTOTYPES = YES;
				CLANG_WARN_SUSPICIOUS_MOVE = YES;
				CLANG_WARN_UNGUARDED_AVAILABILITY = YES_AGGRESSIVE;
				CLANG_WARN_UNREACHABLE_CODE = YES;
				CLANG_WARN__DUPLICATE_METHOD_MATCH = YES;
				CODE_SIGN_IDENTITY = "iPhone Developer";
				COPY_PHASE_STRIP = NO;
				DEBUG_INFORMATION_FORMAT = "dwarf-with-dsym";
				ENABLE_NS_ASSERTIONS = NO;
				ENABLE_STRICT_OBJC_MSGSEND = YES;
				GCC_C_LANGUAGE_STANDARD = gnu11;
				GCC_NO_COMMON_BLOCKS = YES;
				GCC_WARN_64_TO_32_BIT_CONVERSION = YES;
				GCC_WARN_ABOUT_RETURN_TYPE = YES_ERROR;
				GCC_WARN_UNDECLARED_SELECTOR = YES;
				GCC_WARN_UNINITIALIZED_AUTOS = YES_AGGRESSIVE;
				GCC_WARN_UNUSED_FUNCTION = YES;
				GCC_WARN_UNUSED_VARIABLE = YES;
				IPHONEOS_DEPLOYMENT_TARGET = 11.2;
				MTL_ENABLE_DEBUG_INFO = NO;
				SDKROOT = iphoneos;
				SWIFT_OPTIMIZATION_LEVEL = "-Owholemodule";
				VALIDATE_PRODUCT = YES;
			};
			name = Release;
		};
		3E4A27FB202F83EF00DB21ED /* Debug */ = {
			isa = XCBuildConfiguration;
			baseConfigurationReference = E8B456EFCA178387A0D6978D /* Pods-Fantasy-App.debug.xcconfig */;
			buildSettings = {
				ASSETCATALOG_COMPILER_APPICON_NAME = AppIcon;
				CODE_SIGN_STYLE = Automatic;
				DEVELOPMENT_TEAM = YDZFEQK62W;
				INFOPLIST_FILE = "Fantasy-App/Info.plist";
				LD_RUNPATH_SEARCH_PATHS = "$(inherited) @executable_path/Frameworks";
				PRODUCT_BUNDLE_IDENTIFIER = "mitchemery.Fantasy-App";
				PRODUCT_NAME = "$(TARGET_NAME)";
				SWIFT_VERSION = 4.0;
				TARGETED_DEVICE_FAMILY = "1,2";
			};
			name = Debug;
		};
		3E4A27FC202F83EF00DB21ED /* Release */ = {
			isa = XCBuildConfiguration;
			baseConfigurationReference = 41F20231C1B7D7823F2E0596 /* Pods-Fantasy-App.release.xcconfig */;
			buildSettings = {
				ASSETCATALOG_COMPILER_APPICON_NAME = AppIcon;
				CODE_SIGN_STYLE = Automatic;
				DEVELOPMENT_TEAM = YDZFEQK62W;
				INFOPLIST_FILE = "Fantasy-App/Info.plist";
				LD_RUNPATH_SEARCH_PATHS = "$(inherited) @executable_path/Frameworks";
				PRODUCT_BUNDLE_IDENTIFIER = "mitchemery.Fantasy-App";
				PRODUCT_NAME = "$(TARGET_NAME)";
				SWIFT_VERSION = 4.0;
				TARGETED_DEVICE_FAMILY = "1,2";
			};
			name = Release;
		};
/* End XCBuildConfiguration section */

/* Begin XCConfigurationList section */
		3E4A27E0202F83EF00DB21ED /* Build configuration list for PBXProject "Fantasy-App" */ = {
			isa = XCConfigurationList;
			buildConfigurations = (
				3E4A27F8202F83EF00DB21ED /* Debug */,
				3E4A27F9202F83EF00DB21ED /* Release */,
			);
			defaultConfigurationIsVisible = 0;
			defaultConfigurationName = Release;
		};
		3E4A27FA202F83EF00DB21ED /* Build configuration list for PBXNativeTarget "Fantasy-App" */ = {
			isa = XCConfigurationList;
			buildConfigurations = (
				3E4A27FB202F83EF00DB21ED /* Debug */,
				3E4A27FC202F83EF00DB21ED /* Release */,
			);
			defaultConfigurationIsVisible = 0;
			defaultConfigurationName = Release;
		};
/* End XCConfigurationList section */

/* Begin XCVersionGroup section */
		3E4A27EF202F83EF00DB21ED /* Fantasy_App.xcdatamodeld */ = {
			isa = XCVersionGroup;
			children = (
				3E4A27F0202F83EF00DB21ED /* Fantasy_App.xcdatamodel */,
			);
			currentVersion = 3E4A27F0202F83EF00DB21ED /* Fantasy_App.xcdatamodel */;
			path = Fantasy_App.xcdatamodeld;
			sourceTree = "<group>";
			versionGroupType = wrapper.xcdatamodel;
		};
/* End XCVersionGroup section */
	};
	rootObject = 3E4A27DD202F83EF00DB21ED /* Project object */;
}
